
Microsoft Visual Studio Solution File, Format Version 12.00
# Visual Studio Version 16
VisualStudioVersion = 25.0.1706.11
MinimumVisualStudioVersion = 10.0.40219.1
Project("{FAE04EC0-301F-11D3-BF4B-00C04F79EFBC}") = "eTicket", "eTicket\eTicket.csproj", "{065E8816-6C23-401B-A60A-573A7F593D3E}"
EndProject
Global
	GlobalSection(SolutionConfigurationPlatforms) = preSolution
		Debug|Any CPU = Debug|Any CPU
		Release|Any CPU = Release|Any CPU
	EndGlobalSection
	GlobalSection(ProjectConfigurationPlatforms) = postSolution
		{065E8816-6C23-401B-A60A-573A7F593D3E}.Debug|Any CPU.ActiveCfg = Debug|Any CPU
		{065E8816-6C23-401B-A60A-573A7F593D3E}.Debug|Any CPU.Build.0 = Debug|Any CPU
		{065E8816-6C23-401B-A60A-573A7F593D3E}.Release|Any CPU.ActiveCfg = Release|Any CPU
		{065E8816-6C23-401B-A60A-573A7F593D3E}.Release|Any CPU.Build.0 = Release|Any CPU
	EndGlobalSection
	GlobalSection(SolutionProperties) = preSolution
		HideSolutionNode = FALSE
	EndGlobalSection
	GlobalSection(ExtensibilityGlobals) = postSolution
		SolutionGuid = {5948A581-5742-4971-B5C6-931625A0764C}
	EndGlobalSection
EndGlobal
